// !$*UTF8*$!
{
	archiveVersion = 1;
	classes = {
	};
	objectVersion = 52;
	objects = {

/* Begin PBXBuildFile section */
		1D44A84527686BB8008F758B /* AppDelegate.swift in Sources */ = {isa = PBXBuildFile; fileRef = 1D44A84427686BB8008F758B /* AppDelegate.swift */; };
		1D44A84727686BB8008F758B /* SceneDelegate.swift in Sources */ = {isa = PBXBuildFile; fileRef = 1D44A84627686BB8008F758B /* SceneDelegate.swift */; };
		1D44A85127686BBC008F758B /* Assets.xcassets in Resources */ = {isa = PBXBuildFile; fileRef = 1D44A85027686BBC008F758B /* Assets.xcassets */; };
		1D44A85427686BBC008F758B /* LaunchScreen.storyboard in Resources */ = {isa = PBXBuildFile; fileRef = 1D44A85227686BBC008F758B /* LaunchScreen.storyboard */; };
		1D44A86127686D81008F758B /* SnapKit in Frameworks */ = {isa = PBXBuildFile; productRef = 1D44A86027686D81008F758B /* SnapKit */; };
		1DD2538D2770E3BA00BE4913 /* BasePickerView.swift in Sources */ = {isa = PBXBuildFile; fileRef = 1DD253872770E3B900BE4913 /* BasePickerView.swift */; };
		1DD2538E2770E3BA00BE4913 /* ConvertView.swift in Sources */ = {isa = PBXBuildFile; fileRef = 1DD253882770E3B900BE4913 /* ConvertView.swift */; };
		1DD2538F2770E3BA00BE4913 /* NetworkModel.swift in Sources */ = {isa = PBXBuildFile; fileRef = 1DD253892770E3B900BE4913 /* NetworkModel.swift */; };
		1DD253902770E3BA00BE4913 /* ConvertPresenter.swift in Sources */ = {isa = PBXBuildFile; fileRef = 1DD2538A2770E3B900BE4913 /* ConvertPresenter.swift */; };
		1DD253912770E3BA00BE4913 /* Network.swift in Sources */ = {isa = PBXBuildFile; fileRef = 1DD2538B2770E3B900BE4913 /* Network.swift */; };
		1DD253922770E3BA00BE4913 /* ConvertPickerView.swift in Sources */ = {isa = PBXBuildFile; fileRef = 1DD2538C2770E3B900BE4913 /* ConvertPickerView.swift */; };
		1DD2539A2770E49400BE4913 /* Colors.swift in Sources */ = {isa = PBXBuildFile; fileRef = 1DD253992770E49400BE4913 /* Colors.swift */; };
		1DD2539D2770E49F00BE4913 /* Metrics.swift in Sources */ = {isa = PBXBuildFile; fileRef = 1DD2539C2770E49F00BE4913 /* Metrics.swift */; };
		1DD253A22775B43700BE4913 /* DataStorage.swift in Sources */ = {isa = PBXBuildFile; fileRef = 1DD253A12775B43700BE4913 /* DataStorage.swift */; };
		1DD253A52775B4B400BE4913 /* DataBaseModel.swift in Sources */ = {isa = PBXBuildFile; fileRef = 1DD253A42775B4B400BE4913 /* DataBaseModel.swift */; };
		1DD253A92775B4C600BE4913 /* DataBasePresenter.swift in Sources */ = {isa = PBXBuildFile; fileRef = 1DD253A82775B4C600BE4913 /* DataBasePresenter.swift */; };
		1DD253AD2775B55500BE4913 /* DataBaseViewCell.swift in Sources */ = {isa = PBXBuildFile; fileRef = 1DD253AC2775B55500BE4913 /* DataBaseViewCell.swift */; };
		1DFE92EF276CE2460018FEA2 /* Realm in Frameworks */ = {isa = PBXBuildFile; productRef = 1DFE92EE276CE2460018FEA2 /* Realm */; };
		1DFE92F1276CE2460018FEA2 /* RealmSwift in Frameworks */ = {isa = PBXBuildFile; productRef = 1DFE92F0276CE2460018FEA2 /* RealmSwift */; };
		1DFE92F7276CE4840018FEA2 /* DataBaseView.swift in Sources */ = {isa = PBXBuildFile; fileRef = 1DFE92F6276CE4840018FEA2 /* DataBaseView.swift */; };
/* End PBXBuildFile section */

/* Begin PBXFileReference section */
		1D44A84127686BB8008F758B /* CurrencyConverter.app */ = {isa = PBXFileReference; explicitFileType = wrapper.application; includeInIndex = 0; path = CurrencyConverter.app; sourceTree = BUILT_PRODUCTS_DIR; };
		1D44A84427686BB8008F758B /* AppDelegate.swift */ = {isa = PBXFileReference; lastKnownFileType = sourcecode.swift; path = AppDelegate.swift; sourceTree = "<group>"; };
		1D44A84627686BB8008F758B /* SceneDelegate.swift */ = {isa = PBXFileReference; lastKnownFileType = sourcecode.swift; path = SceneDelegate.swift; sourceTree = "<group>"; };
		1D44A85027686BBC008F758B /* Assets.xcassets */ = {isa = PBXFileReference; lastKnownFileType = folder.assetcatalog; path = Assets.xcassets; sourceTree = "<group>"; };
		1D44A85327686BBC008F758B /* Base */ = {isa = PBXFileReference; lastKnownFileType = file.storyboard; name = Base; path = Base.lproj/LaunchScreen.storyboard; sourceTree = "<group>"; };
		1D44A85527686BBC008F758B /* Info.plist */ = {isa = PBXFileReference; lastKnownFileType = text.plist.xml; path = Info.plist; sourceTree = "<group>"; };
		1DD253872770E3B900BE4913 /* BasePickerView.swift */ = {isa = PBXFileReference; fileEncoding = 4; lastKnownFileType = sourcecode.swift; path = BasePickerView.swift; sourceTree = "<group>"; };
		1DD253882770E3B900BE4913 /* ConvertView.swift */ = {isa = PBXFileReference; fileEncoding = 4; lastKnownFileType = sourcecode.swift; path = ConvertView.swift; sourceTree = "<group>"; };
		1DD253892770E3B900BE4913 /* NetworkModel.swift */ = {isa = PBXFileReference; fileEncoding = 4; lastKnownFileType = sourcecode.swift; path = NetworkModel.swift; sourceTree = "<group>"; };
		1DD2538A2770E3B900BE4913 /* ConvertPresenter.swift */ = {isa = PBXFileReference; fileEncoding = 4; lastKnownFileType = sourcecode.swift; path = ConvertPresenter.swift; sourceTree = "<group>"; };
		1DD2538B2770E3B900BE4913 /* Network.swift */ = {isa = PBXFileReference; fileEncoding = 4; lastKnownFileType = sourcecode.swift; path = Network.swift; sourceTree = "<group>"; };
		1DD2538C2770E3B900BE4913 /* ConvertPickerView.swift */ = {isa = PBXFileReference; fileEncoding = 4; lastKnownFileType = sourcecode.swift; path = ConvertPickerView.swift; sourceTree = "<group>"; };
		1DD253992770E49400BE4913 /* Colors.swift */ = {isa = PBXFileReference; lastKnownFileType = sourcecode.swift; path = Colors.swift; sourceTree = "<group>"; };
		1DD2539C2770E49F00BE4913 /* Metrics.swift */ = {isa = PBXFileReference; lastKnownFileType = sourcecode.swift; path = Metrics.swift; sourceTree = "<group>"; };
		1DD253A12775B43700BE4913 /* DataStorage.swift */ = {isa = PBXFileReference; lastKnownFileType = sourcecode.swift; path = DataStorage.swift; sourceTree = "<group>"; };
		1DD253A42775B4B400BE4913 /* DataBaseModel.swift */ = {isa = PBXFileReference; lastKnownFileType = sourcecode.swift; path = DataBaseModel.swift; sourceTree = "<group>"; };
		1DD253A82775B4C600BE4913 /* DataBasePresenter.swift */ = {isa = PBXFileReference; lastKnownFileType = sourcecode.swift; path = DataBasePresenter.swift; sourceTree = "<group>"; };
		1DD253AC2775B55500BE4913 /* DataBaseViewCell.swift */ = {isa = PBXFileReference; lastKnownFileType = sourcecode.swift; path = DataBaseViewCell.swift; sourceTree = "<group>"; };
		1DFE92F6276CE4840018FEA2 /* DataBaseView.swift */ = {isa = PBXFileReference; lastKnownFileType = sourcecode.swift; path = DataBaseView.swift; sourceTree = "<group>"; };
/* End PBXFileReference section */

/* Begin PBXFrameworksBuildPhase section */
		1D44A83E27686BB8008F758B /* Frameworks */ = {
			isa = PBXFrameworksBuildPhase;
			buildActionMask = 2147483647;
			files = (
				1DFE92F1276CE2460018FEA2 /* RealmSwift in Frameworks */,
				1DFE92EF276CE2460018FEA2 /* Realm in Frameworks */,
				1D44A86127686D81008F758B /* SnapKit in Frameworks */,
			);
			runOnlyForDeploymentPostprocessing = 0;
		};
/* End PBXFrameworksBuildPhase section */

/* Begin PBXGroup section */
		1D44A83827686BB8008F758B = {
			isa = PBXGroup;
			children = (
				1D44A84327686BB8008F758B /* CurrencyConverter */,
				1D44A84227686BB8008F758B /* Products */,
			);
			sourceTree = "<group>";
		};
		1D44A84227686BB8008F758B /* Products */ = {
			isa = PBXGroup;
			children = (
				1D44A84127686BB8008F758B /* CurrencyConverter.app */,
			);
			name = Products;
			sourceTree = "<group>";
		};
		1D44A84327686BB8008F758B /* CurrencyConverter */ = {
			isa = PBXGroup;
			children = (
				1D44A8642768BAC7008F758B /* Flow */,
				1D72FDDB2770E33900B6E21C /* Module */,
				1DD253952770E41500BE4913 /* Network */,
				1D72FDD52770E30100B6E21C /* Resources */,
				1D44A85527686BBC008F758B /* Info.plist */,
			);
			path = CurrencyConverter;
			sourceTree = "<group>";
		};
		1D44A8642768BAC7008F758B /* Flow */ = {
			isa = PBXGroup;
			children = (
				1D44A84427686BB8008F758B /* AppDelegate.swift */,
				1D44A84627686BB8008F758B /* SceneDelegate.swift */,
			);
			path = Flow;
			sourceTree = "<group>";
		};
		1D72FDD52770E30100B6E21C /* Resources */ = {
			isa = PBXGroup;
			children = (
				1D44A85027686BBC008F758B /* Assets.xcassets */,
				1D44A85227686BBC008F758B /* LaunchScreen.storyboard */,
				1DD253992770E49400BE4913 /* Colors.swift */,
				1DD2539C2770E49F00BE4913 /* Metrics.swift */,
			);
			path = Resources;
			sourceTree = "<group>";
		};
		1D72FDDB2770E33900B6E21C /* Module */ = {
			isa = PBXGroup;
			children = (
				1DFE92F5276CE4460018FEA2 /* DataBaseView */,
				1DD253862770E3B900BE4913 /* ConverterView */,
			);
			path = Module;
			sourceTree = "<group>";
		};
		1DD253862770E3B900BE4913 /* ConverterView */ = {
			isa = PBXGroup;
			children = (
				1DD253882770E3B900BE4913 /* ConvertView.swift */,
				1DD2538A2770E3B900BE4913 /* ConvertPresenter.swift */,
				1DD253872770E3B900BE4913 /* BasePickerView.swift */,
				1DD2538C2770E3B900BE4913 /* ConvertPickerView.swift */,
			);
			path = ConverterView;
			sourceTree = "<group>";
		};
		1DD253952770E41500BE4913 /* Network */ = {
			isa = PBXGroup;
			children = (
				1DD2538B2770E3B900BE4913 /* Network.swift */,
				1DD253892770E3B900BE4913 /* NetworkModel.swift */,
			);
			path = Network;
			sourceTree = "<group>";
		};
		1DFE92F5276CE4460018FEA2 /* DataBaseView */ = {
			isa = PBXGroup;
			children = (
				1DD253A42775B4B400BE4913 /* DataBaseModel.swift */,
				1DFE92F6276CE4840018FEA2 /* DataBaseView.swift */,
				1DD253A12775B43700BE4913 /* DataStorage.swift */,
				1DD253A82775B4C600BE4913 /* DataBasePresenter.swift */,
				1DD253AC2775B55500BE4913 /* DataBaseViewCell.swift */,
			);
			path = DataBaseView;
			sourceTree = "<group>";
		};
/* End PBXGroup section */

/* Begin PBXNativeTarget section */
		1D44A84027686BB8008F758B /* CurrencyConverter */ = {
			isa = PBXNativeTarget;
			buildConfigurationList = 1D44A85827686BBC008F758B /* Build configuration list for PBXNativeTarget "CurrencyConverter" */;
			buildPhases = (
				1D44A83D27686BB8008F758B /* Sources */,
				1D44A83E27686BB8008F758B /* Frameworks */,
				1D44A83F27686BB8008F758B /* Resources */,
			);
			buildRules = (
			);
			dependencies = (
			);
			name = CurrencyConverter;
			packageProductDependencies = (
				1D44A86027686D81008F758B /* SnapKit */,
				1DFE92EE276CE2460018FEA2 /* Realm */,
				1DFE92F0276CE2460018FEA2 /* RealmSwift */,
			);
			productName = CurrencyConverter;
			productReference = 1D44A84127686BB8008F758B /* CurrencyConverter.app */;
			productType = "com.apple.product-type.application";
		};
/* End PBXNativeTarget section */

/* Begin PBXProject section */
		1D44A83927686BB8008F758B /* Project object */ = {
			isa = PBXProject;
			attributes = {
				LastSwiftUpdateCheck = 1210;
				LastUpgradeCheck = 1210;
				TargetAttributes = {
					1D44A84027686BB8008F758B = {
						CreatedOnToolsVersion = 12.1;
					};
				};
			};
			buildConfigurationList = 1D44A83C27686BB8008F758B /* Build configuration list for PBXProject "CurrencyConverter" */;
			compatibilityVersion = "Xcode 9.3";
			developmentRegion = en;
			hasScannedForEncodings = 0;
			knownRegions = (
				en,
				Base,
			);
			mainGroup = 1D44A83827686BB8008F758B;
			packageReferences = (
				1D44A85F27686D81008F758B /* XCRemoteSwiftPackageReference "SnapKit" */,
				1DFE92ED276CE2460018FEA2 /* XCRemoteSwiftPackageReference "realm-cocoa" */,
			);
			productRefGroup = 1D44A84227686BB8008F758B /* Products */;
			projectDirPath = "";
			projectRoot = "";
			targets = (
				1D44A84027686BB8008F758B /* CurrencyConverter */,
			);
		};
/* End PBXProject section */

/* Begin PBXResourcesBuildPhase section */
		1D44A83F27686BB8008F758B /* Resources */ = {
			isa = PBXResourcesBuildPhase;
			buildActionMask = 2147483647;
			files = (
				1D44A85427686BBC008F758B /* LaunchScreen.storyboard in Resources */,
				1D44A85127686BBC008F758B /* Assets.xcassets in Resources */,
			);
			runOnlyForDeploymentPostprocessing = 0;
		};
/* End PBXResourcesBuildPhase section */

/* Begin PBXSourcesBuildPhase section */
		1D44A83D27686BB8008F758B /* Sources */ = {
			isa = PBXSourcesBuildPhase;
			buildActionMask = 2147483647;
			files = (
				1D44A84527686BB8008F758B /* AppDelegate.swift in Sources */,
				1DD2539A2770E49400BE4913 /* Colors.swift in Sources */,
				1DD2539D2770E49F00BE4913 /* Metrics.swift in Sources */,
				1DD2538F2770E3BA00BE4913 /* NetworkModel.swift in Sources */,
				1DD253912770E3BA00BE4913 /* Network.swift in Sources */,
				1DD2538E2770E3BA00BE4913 /* ConvertView.swift in Sources */,
				1DD253922770E3BA00BE4913 /* ConvertPickerView.swift in Sources */,
				1DFE92F7276CE4840018FEA2 /* DataBaseView.swift in Sources */,
				1DD253902770E3BA00BE4913 /* ConvertPresenter.swift in Sources */,
				1DD253A22775B43700BE4913 /* DataStorage.swift in Sources */,
				1DD253A92775B4C600BE4913 /* DataBasePresenter.swift in Sources */,
				1DD253AD2775B55500BE4913 /* DataBaseViewCell.swift in Sources */,
				1DD253A52775B4B400BE4913 /* DataBaseModel.swift in Sources */,
				1D44A84727686BB8008F758B /* SceneDelegate.swift in Sources */,
				1DD2538D2770E3BA00BE4913 /* BasePickerView.swift in Sources */,
			);
			runOnlyForDeploymentPostprocessing = 0;
		};
/* End PBXSourcesBuildPhase section */

/* Begin PBXVariantGroup section */
		1D44A85227686BBC008F758B /* LaunchScreen.storyboard */ = {
			isa = PBXVariantGroup;
			children = (
				1D44A85327686BBC008F758B /* Base */,
			);
			name = LaunchScreen.storyboard;
			sourceTree = "<group>";
		};
/* End PBXVariantGroup section */

/* Begin XCBuildConfiguration section */
		1D44A85627686BBC008F758B /* Debug */ = {
			isa = XCBuildConfiguration;
			buildSettings = {
				ALWAYS_SEARCH_USER_PATHS = NO;
				CLANG_ANALYZER_NONNULL = YES;
				CLANG_ANALYZER_NUMBER_OBJECT_CONVERSION = YES_AGGRESSIVE;
				CLANG_CXX_LANGUAGE_STANDARD = "gnu++14";
				CLANG_CXX_LIBRARY = "libc++";
				CLANG_ENABLE_MODULES = YES;
				CLANG_ENABLE_OBJC_ARC = YES;
				CLANG_ENABLE_OBJC_WEAK = YES;
				CLANG_WARN_BLOCK_CAPTURE_AUTORELEASING = YES;
				CLANG_WARN_BOOL_CONVERSION = YES;
				CLANG_WARN_COMMA = YES;
				CLANG_WARN_CONSTANT_CONVERSION = YES;
				CLANG_WARN_DEPRECATED_OBJC_IMPLEMENTATIONS = YES;
				CLANG_WARN_DIRECT_OBJC_ISA_USAGE = YES_ERROR;
				CLANG_WARN_DOCUMENTATION_COMMENTS = YES;
				CLANG_WARN_EMPTY_BODY = YES;
				CLANG_WARN_ENUM_CONVERSION = YES;
				CLANG_WARN_INFINITE_RECURSION = YES;
				CLANG_WARN_INT_CONVERSION = YES;
				CLANG_WARN_NON_LITERAL_NULL_CONVERSION = YES;
				CLANG_WARN_OBJC_IMPLICIT_RETAIN_SELF = YES;
				CLANG_WARN_OBJC_LITERAL_CONVERSION = YES;
				CLANG_WARN_OBJC_ROOT_CLASS = YES_ERROR;
				CLANG_WARN_QUOTED_INCLUDE_IN_FRAMEWORK_HEADER = YES;
				CLANG_WARN_RANGE_LOOP_ANALYSIS = YES;
				CLANG_WARN_STRICT_PROTOTYPES = YES;
				CLANG_WARN_SUSPICIOUS_MOVE = YES;
				CLANG_WARN_UNGUARDED_AVAILABILITY = YES_AGGRESSIVE;
				CLANG_WARN_UNREACHABLE_CODE = YES;
				CLANG_WARN__DUPLICATE_METHOD_MATCH = YES;
				COPY_PHASE_STRIP = NO;
				DEBUG_INFORMATION_FORMAT = dwarf;
				ENABLE_STRICT_OBJC_MSGSEND = YES;
				ENABLE_TESTABILITY = YES;
				GCC_C_LANGUAGE_STANDARD = gnu11;
				GCC_DYNAMIC_NO_PIC = NO;
				GCC_NO_COMMON_BLOCKS = YES;
				GCC_OPTIMIZATION_LEVEL = 0;
				GCC_PREPROCESSOR_DEFINITIONS = (
					"DEBUG=1",
					"$(inherited)",
				);
				GCC_WARN_64_TO_32_BIT_CONVERSION = YES;
				GCC_WARN_ABOUT_RETURN_TYPE = YES_ERROR;
				GCC_WARN_UNDECLARED_SELECTOR = YES;
				GCC_WARN_UNINITIALIZED_AUTOS = YES_AGGRESSIVE;
				GCC_WARN_UNUSED_FUNCTION = YES;
				GCC_WARN_UNUSED_VARIABLE = YES;
				IPHONEOS_DEPLOYMENT_TARGET = 14.1;
				MTL_ENABLE_DEBUG_INFO = INCLUDE_SOURCE;
				MTL_FAST_MATH = YES;
				ONLY_ACTIVE_ARCH = YES;
				SDKROOT = iphoneos;
				SWIFT_ACTIVE_COMPILATION_CONDITIONS = DEBUG;
				SWIFT_OPTIMIZATION_LEVEL = "-Onone";
			};
			name = Debug;
		};
		1D44A85727686BBC008F758B /* Release */ = {
			isa = XCBuildConfiguration;
			buildSettings = {
				ALWAYS_SEARCH_USER_PATHS = NO;
				CLANG_ANALYZER_NONNULL = YES;
				CLANG_ANALYZER_NUMBER_OBJECT_CONVERSION = YES_AGGRESSIVE;
				CLANG_CXX_LANGUAGE_STANDARD = "gnu++14";
				CLANG_CXX_LIBRARY = "libc++";
				CLANG_ENABLE_MODULES = YES;
				CLANG_ENABLE_OBJC_ARC = YES;
				CLANG_ENABLE_OBJC_WEAK = YES;
				CLANG_WARN_BLOCK_CAPTURE_AUTORELEASING = YES;
				CLANG_WARN_BOOL_CONVERSION = YES;
				CLANG_WARN_COMMA = YES;
				CLANG_WARN_CONSTANT_CONVERSION = YES;
				CLANG_WARN_DEPRECATED_OBJC_IMPLEMENTATIONS = YES;
				CLANG_WARN_DIRECT_OBJC_ISA_USAGE = YES_ERROR;
				CLANG_WARN_DOCUMENTATION_COMMENTS = YES;
				CLANG_WARN_EMPTY_BODY = YES;
				CLANG_WARN_ENUM_CONVERSION = YES;
				CLANG_WARN_INFINITE_RECURSION = YES;
				CLANG_WARN_INT_CONVERSION = YES;
				CLANG_WARN_NON_LITERAL_NULL_CONVERSION = YES;
				CLANG_WARN_OBJC_IMPLICIT_RETAIN_SELF = YES;
				CLANG_WARN_OBJC_LITERAL_CONVERSION = YES;
				CLANG_WARN_OBJC_ROOT_CLASS = YES_ERROR;
				CLANG_WARN_QUOTED_INCLUDE_IN_FRAMEWORK_HEADER = YES;
				CLANG_WARN_RANGE_LOOP_ANALYSIS = YES;
				CLANG_WARN_STRICT_PROTOTYPES = YES;
				CLANG_WARN_SUSPICIOUS_MOVE = YES;
				CLANG_WARN_UNGUARDED_AVAILABILITY = YES_AGGRESSIVE;
				CLANG_WARN_UNREACHABLE_CODE = YES;
				CLANG_WARN__DUPLICATE_METHOD_MATCH = YES;
				COPY_PHASE_STRIP = NO;
				DEBUG_INFORMATION_FORMAT = "dwarf-with-dsym";
				ENABLE_NS_ASSERTIONS = NO;
				ENABLE_STRICT_OBJC_MSGSEND = YES;
				GCC_C_LANGUAGE_STANDARD = gnu11;
				GCC_NO_COMMON_BLOCKS = YES;
				GCC_WARN_64_TO_32_BIT_CONVERSION = YES;
				GCC_WARN_ABOUT_RETURN_TYPE = YES_ERROR;
				GCC_WARN_UNDECLARED_SELECTOR = YES;
				GCC_WARN_UNINITIALIZED_AUTOS = YES_AGGRESSIVE;
				GCC_WARN_UNUSED_FUNCTION = YES;
				GCC_WARN_UNUSED_VARIABLE = YES;
				IPHONEOS_DEPLOYMENT_TARGET = 14.1;
				MTL_ENABLE_DEBUG_INFO = NO;
				MTL_FAST_MATH = YES;
				SDKROOT = iphoneos;
				SWIFT_COMPILATION_MODE = wholemodule;
				SWIFT_OPTIMIZATION_LEVEL = "-O";
				VALIDATE_PRODUCT = YES;
			};
			name = Release;
		};
		1D44A85927686BBC008F758B /* Debug */ = {
			isa = XCBuildConfiguration;
			buildSettings = {
				ASSETCATALOG_COMPILER_APPICON_NAME = AppIcon;
				ASSETCATALOG_COMPILER_GLOBAL_ACCENT_COLOR_NAME = AccentColor;
				CODE_SIGN_STYLE = Automatic;
				DEVELOPMENT_TEAM = M942N4BF5Y;
				INFOPLIST_FILE = CurrencyConverter/Info.plist;
				LD_RUNPATH_SEARCH_PATHS = (
					"$(inherited)",
					"@executable_path/Frameworks",
				);
				PRODUCT_BUNDLE_IDENTIFIER = L9v0n.INC.CurrencyConverter;
				PRODUCT_NAME = "$(TARGET_NAME)";
				SWIFT_VERSION = 5.0;
				TARGETED_DEVICE_FAMILY = "1,2";
			};
			name = Debug;
		};
		1D44A85A27686BBC008F758B /* Release */ = {
			isa = XCBuildConfiguration;
			buildSettings = {
				ASSETCATALOG_COMPILER_APPICON_NAME = AppIcon;
				ASSETCATALOG_COMPILER_GLOBAL_ACCENT_COLOR_NAME = AccentColor;
				CODE_SIGN_STYLE = Automatic;
				DEVELOPMENT_TEAM = M942N4BF5Y;
				INFOPLIST_FILE = CurrencyConverter/Info.plist;
				LD_RUNPATH_SEARCH_PATHS = (
					"$(inherited)",
					"@executable_path/Frameworks",
				);
				PRODUCT_BUNDLE_IDENTIFIER = L9v0n.INC.CurrencyConverter;
				PRODUCT_NAME = "$(TARGET_NAME)";
				SWIFT_VERSION = 5.0;
				TARGETED_DEVICE_FAMILY = "1,2";
			};
			name = Release;
		};
/* End XCBuildConfiguration section */

/* Begin XCConfigurationList section */
		1D44A83C27686BB8008F758B /* Build configuration list for PBXProject "CurrencyConverter" */ = {
			isa = XCConfigurationList;
			buildConfigurations = (
				1D44A85627686BBC008F758B /* Debug */,
				1D44A85727686BBC008F758B /* Release */,
			);
			defaultConfigurationIsVisible = 0;
			defaultConfigurationName = Release;
		};
		1D44A85827686BBC008F758B /* Build configuration list for PBXNativeTarget "CurrencyConverter" */ = {
			isa = XCConfigurationList;
			buildConfigurations = (
				1D44A85927686BBC008F758B /* Debug */,
				1D44A85A27686BBC008F758B /* Release */,
			);
			defaultConfigurationIsVisible = 0;
			defaultConfigurationName = Release;
		};
/* End XCConfigurationList section */

/* Begin XCRemoteSwiftPackageReference section */
		1D44A85F27686D81008F758B /* XCRemoteSwiftPackageReference "SnapKit" */ = {
			isa = XCRemoteSwiftPackageReference;
			repositoryURL = "https://github.com/SnapKit/SnapKit";
			requirement = {
				kind = upToNextMajorVersion;
				minimumVersion = 5.0.1;
			};
		};
		1DFE92ED276CE2460018FEA2 /* XCRemoteSwiftPackageReference "realm-cocoa" */ = {
			isa = XCRemoteSwiftPackageReference;
			repositoryURL = "https://github.com/realm/realm-cocoa.git";
			requirement = {
				kind = upToNextMajorVersion;
				minimumVersion = 10.20.1;
			};
		};
/* End XCRemoteSwiftPackageReference section */

/* Begin XCSwiftPackageProductDependency section */
		1D44A86027686D81008F758B /* SnapKit */ = {
			isa = XCSwiftPackageProductDependency;
			package = 1D44A85F27686D81008F758B /* XCRemoteSwiftPackageReference "SnapKit" */;
			productName = SnapKit;
		};
		1DFE92EE276CE2460018FEA2 /* Realm */ = {
			isa = XCSwiftPackageProductDependency;
			package = 1DFE92ED276CE2460018FEA2 /* XCRemoteSwiftPackageReference "realm-cocoa" */;
			productName = Realm;
		};
		1DFE92F0276CE2460018FEA2 /* RealmSwift */ = {
			isa = XCSwiftPackageProductDependency;
			package = 1DFE92ED276CE2460018FEA2 /* XCRemoteSwiftPackageReference "realm-cocoa" */;
			productName = RealmSwift;
		};
/* End XCSwiftPackageProductDependency section */
	};
	rootObject = 1D44A83927686BB8008F758B /* Project object */;
}
